# generated by rye
# use `rye lock` or `rye sync` to update this lockfile
#
# last locked with the following flags:
#   pre: false
#   features: []
#   all-features: true
#   with-sources: true
#   generate-hashes: false
#   universal: false

--index-url https://pypi.org/simple/

-e file:.
aiobotocore==2.15.2
    # via s3fs
aiofiles==24.1.0
    # via sanic
    # via sf-hamilton-ui
aiohappyeyeballs==2.4.3
    # via aiohttp
aiohttp==3.11.7
    # via aiobotocore
    # via s3fs
    # via sf-hamilton-sdk
    # via sf-hamilton-ui
aioitertools==0.12.0
    # via aiobotocore
aiosignal==1.3.1
    # via aiohttp
    # via ray
aiosqlite==0.20.0
    # via flowerpower
annotated-types==0.7.0
    # via pydantic
anyio==4.6.2.post1
    # via apscheduler
    # via httpx
    # via jupyter-server
appnope==0.1.4
    # via ipykernel
apscheduler==4.0.0a5
    # via flowerpower
argon2-cffi==23.1.0
    # via jupyter-server
argon2-cffi-bindings==21.2.0
    # via argon2-cffi
arrow==1.3.0
    # via isoduration
asgiref==3.8.1
    # via django
asttokens==2.4.1
    # via stack-data
async-lru==2.0.4
    # via jupyterlab
asyncpg==0.30.0
    # via flowerpower
attrs==24.2.0
    # via aiohttp
    # via apscheduler
    # via jsonschema
    # via referencing
babel==2.16.0
    # via jupyterlab-server
backoff==2.2.1
    # via posthog
beautifulsoup4==4.12.3
    # via nbconvert
bleach==6.2.0
    # via nbconvert
botocore==1.35.36
    # via aiobotocore
cbor2==5.6.5
certifi==2024.8.30
    # via httpcore
    # via httpx
    # via requests
cffi==1.17.1
    # via argon2-cffi-bindings
    # via pygit2
charset-normalizer==3.4.0
    # via requests
click==8.1.7
    # via ray
    # via sf-hamilton-sdk
    # via sf-hamilton-ui
    # via typer
cloudpickle==3.1.0
colorlog==6.9.0
    # via sf-hamilton-ui
comm==0.2.2
    # via ipykernel
datafusion==42.0.0
debugpy==1.8.9
    # via ipykernel
decorator==5.1.1
    # via ipython
defusedxml==0.7.1
    # via nbconvert
deltalake==0.22.0
deprecated==1.2.15
    # via opentelemetry-api
    # via opentelemetry-semantic-conventions
dill==0.3.9
    # via flowerpower
django==5.1.3
    # via django-extensions
    # via django-ninja
    # via sf-hamilton-ui
django-extensions==3.2.3
    # via sf-hamilton-ui
django-ninja==1.3.0
    # via sf-hamilton-ui
dnspython==2.7.0
    # via pymongo
duckdb==1.1.3
executing==2.1.0
    # via stack-data
fastjsonschema==2.20.0
    # via nbformat
filelock==3.16.1
    # via ray
fqdn==1.5.1
    # via jsonschema
frozenlist==1.5.0
    # via aiohttp
    # via aiosignal
    # via ray
fsspec==2024.10.0
    # via flowerpower
    # via s3fs
gitdb==4.0.11
    # via gitpython
gitpython==3.1.43
    # via sf-hamilton-sdk
googleapis-common-protos==1.56.1
    # via opentelemetry-exporter-jaeger-proto-grpc
graphviz==0.20.3
    # via sf-hamilton
greenlet==3.1.1
    # via flowerpower
grpcio==1.68.0
    # via opentelemetry-exporter-jaeger-proto-grpc
h11==0.14.0
    # via httpcore
html5tagger==1.3.0
    # via sanic
    # via tracerite
httpcore==1.0.7
    # via httpx
httptools==0.6.4
    # via sanic
httpx==0.27.2
    # via jupyterlab
idna==3.10
    # via anyio
    # via httpx
    # via jsonschema
    # via requests
    # via yarl
importlib-metadata==8.5.0
    # via opentelemetry-api
ipykernel==6.29.5
    # via jupyterlab
ipython==8.29.0
    # via ipykernel
isoduration==20.11.0
    # via jsonschema
isort==5.13.2
jedi==0.19.2
    # via ipython
jinja2==3.1.4
    # via jupyter-server
    # via jupyterlab
    # via jupyterlab-server
    # via nbconvert
    # via sf-hamilton-sdk
jmespath==1.0.1
    # via botocore
joblib==1.4.2
json5==0.10.0
    # via jupyterlab-server
jsonpointer==3.0.0
    # via jsonschema
jsonschema==4.23.0
    # via jupyter-events
    # via jupyterlab-server
    # via nbformat
    # via ray
jsonschema-specifications==2024.10.1
    # via jsonschema
jupyter-client==8.6.3
    # via ipykernel
    # via jupyter-server
    # via nbclient
jupyter-core==5.7.2
    # via ipykernel
    # via jupyter-client
    # via jupyter-server
    # via jupyterlab
    # via nbclient
    # via nbconvert
    # via nbformat
jupyter-events==0.10.0
    # via jupyter-server
jupyter-lsp==2.2.5
    # via jupyterlab
jupyter-server==2.14.2
    # via jupyter-lsp
    # via jupyterlab
    # via jupyterlab-server
    # via notebook-shim
jupyter-server-terminals==0.5.3
    # via jupyter-server
jupyterlab==4.3.1
jupyterlab-pygments==0.3.0
    # via nbconvert
jupyterlab-server==2.27.3
    # via jupyterlab
linkify-it-py==2.0.3
    # via markdown-it-py
loguru==0.7.2
    # via sf-hamilton-sdk
    # via sf-hamilton-ui
lxml==5.3.0
markdown-it-py==3.0.0
    # via mdit-py-plugins
    # via rich
    # via textual
markupsafe==3.0.2
    # via jinja2
    # via nbconvert
matplotlib-inline==0.1.7
    # via ipykernel
    # via ipython
mdit-py-plugins==0.4.2
    # via markdown-it-py
mdurl==0.1.2
    # via markdown-it-py
mistune==3.0.2
    # via nbconvert
monotonic==1.6
    # via posthog
msgpack==1.1.0
    # via ray
msgspec==0.18.6
multidict==6.1.0
    # via aiohttp
    # via sanic
    # via yarl
munch==4.0.0
    # via flowerpower
mypy-extensions==1.0.0
    # via typing-inspect
nbclient==0.10.0
    # via nbconvert
nbconvert==7.16.4
    # via jupyter-server
nbformat==5.10.4
    # via jupyter-server
    # via nbclient
    # via nbconvert
nest-asyncio==1.6.0
    # via ipykernel
networkx==3.4.2
    # via sf-hamilton
notebook-shim==0.2.4
    # via jupyterlab
numpy==2.1.3
    # via pandas
    # via sf-hamilton
opentelemetry-api==1.28.2
    # via flowerpower
    # via opentelemetry-exporter-jaeger-proto-grpc
    # via opentelemetry-exporter-jaeger-thrift
    # via opentelemetry-sdk
    # via opentelemetry-semantic-conventions
opentelemetry-exporter-jaeger==1.21.0
    # via flowerpower
opentelemetry-exporter-jaeger-proto-grpc==1.21.0
    # via opentelemetry-exporter-jaeger
opentelemetry-exporter-jaeger-thrift==1.21.0
    # via opentelemetry-exporter-jaeger
opentelemetry-sdk==1.28.2
    # via flowerpower
    # via opentelemetry-exporter-jaeger-proto-grpc
    # via opentelemetry-exporter-jaeger-thrift
opentelemetry-semantic-conventions==0.49b2
    # via opentelemetry-sdk
orjson==3.10.12
    # via flowerpower
overrides==7.7.0
    # via jupyter-server
packaging==24.2
    # via ipykernel
    # via jupyter-server
    # via jupyterlab
    # via jupyterlab-server
    # via nbconvert
    # via ray
paho-mqtt==2.1.0
    # via flowerpower
pandas==2.2.3
    # via sf-hamilton
pandocfilters==1.5.1
    # via nbconvert
parso==0.8.4
    # via jedi
passlib==1.7.4
    # via sf-hamilton-ui
pendulum==3.0.0
    # via flowerpower
pexpect==4.9.0
    # via ipython
pillow==11.0.0
platformdirs==4.3.6
    # via jupyter-core
    # via textual
polars==1.15.0
    # via flowerpower
posthog==3.7.3
    # via sf-hamilton-sdk
prometheus-client==0.21.0
    # via jupyter-server
prompt-toolkit==3.0.48
    # via ipython
propcache==0.2.0
    # via aiohttp
    # via yarl
protobuf==5.28.3
    # via googleapis-common-protos
    # via ray
psutil==6.1.0
    # via ipykernel
psycopg2-binary==2.9.10
    # via sf-hamilton-ui
ptyprocess==0.7.0
    # via pexpect
    # via terminado
pure-eval==0.2.3
    # via stack-data
pyarrow==18.1.0
    # via datafusion
    # via deltalake
    # via flowerpower
pycparser==2.22
    # via cffi
pydantic==2.10.2
    # via django-ninja
    # via flowerpower
pydantic-core==2.27.1
    # via pydantic
pygit2==1.16.0
pygments==2.18.0
    # via ipython
    # via nbconvert
    # via rich
pymongo==4.10.1
    # via flowerpower
python-dateutil==2.9.0.post0
    # via arrow
    # via botocore
    # via jupyter-client
    # via pandas
    # via pendulum
    # via posthog
    # via time-machine
python-dotenv==1.0.1
    # via flowerpower
python-json-logger==2.0.7
    # via jupyter-events
pytz==2024.2
    # via pandas
pyyaml==6.0.2
    # via flowerpower
    # via jupyter-events
    # via ray
    # via sanic-ext
pyzmq==26.2.0
    # via ipykernel
    # via jupyter-client
    # via jupyter-server
ray==2.39.0
    # via flowerpower
redis==5.2.0
    # via flowerpower
referencing==0.35.1
    # via jsonschema
    # via jsonschema-specifications
    # via jupyter-events
requests==2.32.3
    # via jupyterlab-server
    # via posthog
    # via ray
    # via sf-hamilton-sdk
    # via sf-hamilton-ui
rfc3339-validator==0.1.4
    # via jsonschema
    # via jupyter-events
rfc3986-validator==0.1.1
    # via jsonschema
    # via jupyter-events
rich==13.9.4
    # via flowerpower
    # via textual
    # via typer
rpds-py==0.21.0
    # via jsonschema
    # via referencing
ruff==0.8.0
s3fs==2024.10.0
sanic==24.6.0
    # via flowerpower
sanic-ext==23.12.0
    # via flowerpower
sanic-routing==23.12.0
    # via sanic
send2trash==1.8.3
    # via jupyter-server
setuptools==75.6.0
    # via jupyterlab
    # via sanic
sf-hamilton==1.83.3
    # via flowerpower
    # via sf-hamilton-sdk
sf-hamilton-sdk==0.8.0
    # via flowerpower
sf-hamilton-ui==0.0.15
    # via flowerpower
shellingham==1.5.4
    # via typer
six==1.16.0
    # via asttokens
    # via posthog
    # via python-dateutil
    # via rfc3339-validator
    # via thrift
smmap==5.0.1
    # via gitdb
sniffio==1.3.1
    # via anyio
    # via httpx
soupsieve==2.6
    # via beautifulsoup4
sqlalchemy==2.0.36
    # via flowerpower
sqlglot==25.32.0
    # via sf-hamilton-sdk
sqlparse==0.5.2
    # via django
stack-data==0.6.3
    # via ipython
tenacity==8.5.0
    # via apscheduler
terminado==0.18.1
    # via jupyter-server
    # via jupyter-server-terminals
textual==0.87.1
    # via flowerpower
thrift==0.21.0
    # via opentelemetry-exporter-jaeger-thrift
time-machine==2.16.0
    # via pendulum
tinycss2==1.4.0
    # via nbconvert
toml==0.10.2
tornado==6.4.2
    # via ipykernel
    # via jupyter-client
    # via jupyter-server
    # via jupyterlab
    # via terminado
tqdm==4.67.1
    # via flowerpower
tracerite==1.1.1
    # via sanic
traitlets==5.14.3
    # via comm
    # via ipykernel
    # via ipython
    # via jupyter-client
    # via jupyter-core
    # via jupyter-events
    # via jupyter-server
    # via jupyterlab
    # via matplotlib-inline
    # via nbclient
    # via nbconvert
    # via nbformat
typer==0.13.1
    # via flowerpower
    # via sf-hamilton-ui
types-python-dateutil==2.9.0.20241003
    # via arrow
typing-extensions==4.12.2
    # via aiosqlite
    # via datafusion
    # via opentelemetry-sdk
    # via pydantic
    # via pydantic-core
    # via sanic
    # via sf-hamilton
    # via sqlalchemy
    # via textual
    # via typer
    # via typing-inspect
typing-inspect==0.9.0
    # via sf-hamilton
tzdata==2024.2
    # via pandas
    # via pendulum
tzlocal==5.2
    # via apscheduler
uc-micro-py==1.0.3
    # via linkify-it-py
ujson==5.10.0
    # via sanic
uri-template==1.3.0
    # via jsonschema
urllib3==2.2.3
    # via botocore
    # via requests
uvloop==0.21.0
    # via sanic
wcwidth==0.2.13
    # via prompt-toolkit
webcolors==24.11.1
    # via jsonschema
webencodings==0.5.1
    # via bleach
    # via tinycss2
websocket-client==1.8.0
    # via jupyter-server
websockets==14.1
    # via sanic
wrapt==1.17.0
    # via aiobotocore
    # via deprecated
yarl==1.18.0
    # via aiohttp
zipp==3.21.0
    # via importlib-metadata
