# generated by rye
# use `rye lock` or `rye sync` to update this lockfile
#
# last locked with the following flags:
#   pre: false
#   features: []
#   all-features: true
#   with-sources: true
#   generate-hashes: false
#   universal: false

--index-url https://pypi.org/simple/

-e file:.
aiofiles==24.1.0
    # via sanic
    # via sf-hamilton-ui
aiohappyeyeballs==2.4.3
    # via aiohttp
aiohttp==3.11.7
    # via sf-hamilton-sdk
    # via sf-hamilton-ui
aiosignal==1.3.1
    # via aiohttp
    # via ray
aiosqlite==0.20.0
    # via flowerpower
annotated-types==0.7.0
    # via pydantic
anyio==4.6.2.post1
    # via apscheduler
apscheduler==4.0.0a5
    # via flowerpower
asgiref==3.8.1
    # via django
asyncpg==0.30.0
    # via flowerpower
attrs==24.2.0
    # via aiohttp
    # via apscheduler
    # via jsonschema
    # via referencing
backoff==2.2.1
    # via posthog
certifi==2024.8.30
    # via requests
charset-normalizer==3.4.0
    # via requests
click==8.1.7
    # via ray
    # via sf-hamilton-sdk
    # via sf-hamilton-ui
    # via typer
colorlog==6.9.0
    # via sf-hamilton-ui
deprecated==1.2.15
    # via opentelemetry-api
    # via opentelemetry-semantic-conventions
dill==0.3.9
    # via flowerpower
django==5.1.3
    # via django-extensions
    # via django-ninja
    # via sf-hamilton-ui
django-extensions==3.2.3
    # via sf-hamilton-ui
django-ninja==1.3.0
    # via sf-hamilton-ui
dnspython==2.7.0
    # via pymongo
filelock==3.16.1
    # via ray
frozenlist==1.5.0
    # via aiohttp
    # via aiosignal
    # via ray
fsspec==2024.10.0
    # via flowerpower
gitdb==4.0.11
    # via gitpython
gitpython==3.1.43
    # via sf-hamilton-sdk
googleapis-common-protos==1.59.1
    # via opentelemetry-exporter-jaeger-proto-grpc
graphviz==0.20.3
    # via sf-hamilton
greenlet==3.1.1
    # via flowerpower
grpcio==1.68.0
    # via opentelemetry-exporter-jaeger-proto-grpc
html5tagger==1.3.0
    # via sanic
    # via tracerite
httptools==0.6.4
    # via sanic
idna==3.10
    # via anyio
    # via requests
    # via yarl
importlib-metadata==8.5.0
    # via opentelemetry-api
jinja2==3.1.4
    # via sf-hamilton-sdk
jsonschema==4.23.0
    # via ray
jsonschema-specifications==2024.10.1
    # via jsonschema
linkify-it-py==2.0.3
    # via markdown-it-py
loguru==0.7.2
    # via sf-hamilton-sdk
    # via sf-hamilton-ui
markdown-it-py==3.0.0
    # via mdit-py-plugins
    # via rich
    # via textual
markupsafe==3.0.2
    # via jinja2
mdit-py-plugins==0.4.2
    # via markdown-it-py
mdurl==0.1.2
    # via markdown-it-py
monotonic==1.6
    # via posthog
msgpack==1.1.0
    # via ray
multidict==6.1.0
    # via aiohttp
    # via sanic
    # via yarl
munch==4.0.0
    # via flowerpower
mypy-extensions==1.0.0
    # via typing-inspect
networkx==3.4.2
    # via sf-hamilton
numpy==2.1.3
    # via pandas
    # via sf-hamilton
opentelemetry-api==1.28.2
    # via flowerpower
    # via opentelemetry-exporter-jaeger-proto-grpc
    # via opentelemetry-exporter-jaeger-thrift
    # via opentelemetry-sdk
    # via opentelemetry-semantic-conventions
opentelemetry-exporter-jaeger==1.21.0
    # via flowerpower
opentelemetry-exporter-jaeger-proto-grpc==1.21.0
    # via opentelemetry-exporter-jaeger
opentelemetry-exporter-jaeger-thrift==1.21.0
    # via opentelemetry-exporter-jaeger
opentelemetry-sdk==1.28.2
    # via flowerpower
    # via opentelemetry-exporter-jaeger-proto-grpc
    # via opentelemetry-exporter-jaeger-thrift
opentelemetry-semantic-conventions==0.49b2
    # via opentelemetry-sdk
orjson==3.10.12
    # via flowerpower
packaging==24.2
    # via ray
paho-mqtt==2.1.0
    # via flowerpower
pandas==2.2.3
    # via sf-hamilton
passlib==1.7.4
    # via sf-hamilton-ui
pendulum==3.0.0
    # via flowerpower
platformdirs==4.3.6
    # via textual
polars==1.15.0
    # via flowerpower
posthog==3.7.3
    # via sf-hamilton-sdk
propcache==0.2.0
    # via aiohttp
    # via yarl
protobuf==4.25.5
    # via googleapis-common-protos
    # via ray
psycopg2-binary==2.9.10
    # via sf-hamilton-ui
pyarrow==18.1.0
    # via flowerpower
pydantic==2.10.2
    # via django-ninja
    # via flowerpower
pydantic-core==2.27.1
    # via pydantic
pygments==2.18.0
    # via rich
pymongo==4.10.1
    # via flowerpower
python-dateutil==2.9.0.post0
    # via pandas
    # via pendulum
    # via posthog
    # via time-machine
python-dotenv==1.0.1
    # via flowerpower
pytz==2024.2
    # via pandas
pyyaml==6.0.2
    # via flowerpower
    # via ray
    # via sanic-ext
ray==2.39.0
    # via flowerpower
redis==5.2.0
    # via flowerpower
referencing==0.35.1
    # via jsonschema
    # via jsonschema-specifications
requests==2.32.3
    # via posthog
    # via ray
    # via sf-hamilton-sdk
    # via sf-hamilton-ui
rich==13.9.4
    # via flowerpower
    # via textual
    # via typer
rpds-py==0.21.0
    # via jsonschema
    # via referencing
sanic==24.6.0
    # via flowerpower
sanic-ext==23.12.0
    # via flowerpower
sanic-routing==23.12.0
    # via sanic
setuptools==75.6.0
    # via sanic
sf-hamilton==1.83.3
    # via flowerpower
    # via sf-hamilton-sdk
sf-hamilton-sdk==0.8.0
    # via flowerpower
sf-hamilton-ui==0.0.15
    # via flowerpower
shellingham==1.5.4
    # via typer
six==1.16.0
    # via posthog
    # via python-dateutil
    # via thrift
smmap==5.0.1
    # via gitdb
sniffio==1.3.1
    # via anyio
sqlalchemy==2.0.36
    # via flowerpower
sqlglot==25.32.0
    # via sf-hamilton-sdk
sqlparse==0.5.2
    # via django
tenacity==8.5.0
    # via apscheduler
textual==0.87.1
    # via flowerpower
thrift==0.21.0
    # via opentelemetry-exporter-jaeger-thrift
time-machine==2.16.0
    # via pendulum
tqdm==4.67.1
    # via flowerpower
tracerite==1.1.1
    # via sanic
typer==0.13.1
    # via flowerpower
    # via sf-hamilton-ui
typing-extensions==4.12.2
    # via aiosqlite
    # via opentelemetry-sdk
    # via pydantic
    # via pydantic-core
    # via sanic
    # via sf-hamilton
    # via sqlalchemy
    # via textual
    # via typer
    # via typing-inspect
typing-inspect==0.9.0
    # via sf-hamilton
tzdata==2024.2
    # via pandas
    # via pendulum
tzlocal==5.2
    # via apscheduler
uc-micro-py==1.0.3
    # via linkify-it-py
ujson==5.10.0
    # via sanic
urllib3==2.2.3
    # via requests
uvloop==0.21.0
    # via sanic
websockets==14.1
    # via sanic
wrapt==1.17.0
    # via deprecated
yarl==1.18.0
    # via aiohttp
zipp==3.21.0
    # via importlib-metadata
